
Microsoft Visual Studio Solution File, Format Version 12.00
# Visual Studio Version 16
VisualStudioVersion = 16.0.30320.27
MinimumVisualStudioVersion = 10.0.40219.1
Project("{2150E333-8FDC-42A3-9474-1A3956D46DE8}") = "src", "src", "{ED08883C-3804-4C1A-951B-B83F265D69C6}"
EndProject
Project("{2150E333-8FDC-42A3-9474-1A3956D46DE8}") = "Building Blocks", "Building Blocks", "{04EB90E7-D352-4FAD-9F27-6340D67390A0}"
EndProject
Project("{2150E333-8FDC-42A3-9474-1A3956D46DE8}") = "Services", "Services", "{5CCFFC17-4F45-4EEF-B7A5-9B8AF4B48B41}"
EndProject
Project("{2150E333-8FDC-42A3-9474-1A3956D46DE8}") = "Web", "Web", "{FEC4FF5C-EBC6-4AF3-A89D-E4F3D89FD908}"
EndProject
Project("{2150E333-8FDC-42A3-9474-1A3956D46DE8}") = "Identidade", "Identidade", "{13DADEBF-C3BC-4268-BE02-EE8D5B9ADD3D}"
EndProject
Project("{9A19103F-16F7-4668-BE54-9A1E7A4F7556}") = "NSE.Identidade.API", "src\services\NSE.Identidade.API\NSE.Identidade.API.csproj", "{A94BD58C-1491-413F-89C4-72AA56B87B92}"
EndProject
Project("{2150E333-8FDC-42A3-9474-1A3956D46DE8}") = "MVC", "MVC", "{375F7400-32CF-4B9E-84C4-9E41E1BF77BA}"
EndProject
Project("{9A19103F-16F7-4668-BE54-9A1E7A4F7556}") = "NSE.WebApp.MVC", "src\web\NSE.WebApp.MVC\NSE.WebApp.MVC.csproj", "{9F1F7BCB-24C7-4490-A024-5E4E58C994DF}"
EndProject
Project("{2150E333-8FDC-42A3-9474-1A3956D46DE8}") = "Core", "Core", "{025B0F9A-126A-48B1-BB6E-0D351914F7B4}"
EndProject
Project("{9A19103F-16F7-4668-BE54-9A1E7A4F7556}") = "NSE.Core", "src\building blocks\NSE.Core\NSE.Core.csproj", "{A15C9E4A-A30C-4832-9F2A-986B828FCD12}"
EndProject
Project("{2150E333-8FDC-42A3-9474-1A3956D46DE8}") = "Carrinho", "Carrinho", "{4F67C7F7-15F0-49CB-9F64-C35B94631DAB}"
EndProject
Project("{9A19103F-16F7-4668-BE54-9A1E7A4F7556}") = "NSE.Carrinho.API", "src\services\NSE.Carrinho.API\NSE.Carrinho.API.csproj", "{B017C2FF-7A72-4CAC-AA78-710765C3B367}"
EndProject
Project("{2150E333-8FDC-42A3-9474-1A3956D46DE8}") = "Cliente", "Cliente", "{C7D7888E-5B0D-4DD5-ACE0-757D4DBDDC81}"
EndProject
Project("{9A19103F-16F7-4668-BE54-9A1E7A4F7556}") = "NSE.Cliente.API", "src\services\NSE.Cliente.API\NSE.Cliente.API.csproj", "{D0B73203-1B0F-4DDF-9EAC-AEC70A570054}"
EndProject
Project("{2150E333-8FDC-42A3-9474-1A3956D46DE8}") = "Catalogo", "Catalogo", "{9086F56F-EA66-4D57-9E69-02024D438575}"
EndProject
Project("{2150E333-8FDC-42A3-9474-1A3956D46DE8}") = "Pedido", "Pedido", "{CF264850-480A-497E-B2FF-4D1022904422}"
EndProject
Project("{9A19103F-16F7-4668-BE54-9A1E7A4F7556}") = "NSE.Pedido.API", "src\services\NSE.Pedido.API\NSE.Pedido.API.csproj", "{1E5527EE-2861-4A3E-9A1C-440241234080}"
EndProject
Project("{2150E333-8FDC-42A3-9474-1A3956D46DE8}") = "Pagamento", "Pagamento", "{C7D67248-078A-43FB-9A09-3C5DDB143DA7}"
EndProject
Project("{9A19103F-16F7-4668-BE54-9A1E7A4F7556}") = "NSE.Pagamento.API", "src\services\NSE.Pagamento.API\NSE.Pagamento.API.csproj", "{8A48F642-7ADE-4846-928D-4A3875B1EB0D}"
EndProject
Project("{9A19103F-16F7-4668-BE54-9A1E7A4F7556}") = "NSE.Catalogo.API", "src\services\NSE.Catalogo.API\NSE.Catalogo.API.csproj", "{2A34EBC7-FB9F-4B5D-8D88-D8799250CDEE}"
EndProject
Project("{2150E333-8FDC-42A3-9474-1A3956D46DE8}") = "Services", "Services", "{A643B641-DECF-4753-93CB-2A33910BAAFA}"
EndProject
Project("{9A19103F-16F7-4668-BE54-9A1E7A4F7556}") = "NSE.WebAPI.Core", "src\building blocks\NSE.Services\NSE.WebAPI.Core\NSE.WebAPI.Core.csproj", "{8F95CC0F-B42F-4E82-A1D3-E7FEADAAD710}"
EndProject
Project("{2150E333-8FDC-42A3-9474-1A3956D46DE8}") = "MessageBus", "MessageBus", "{97979F28-053E-4715-9B0E-871302A0C5BF}"
EndProject
Project("{FAE04EC0-301F-11D3-BF4B-00C04F79EFBC}") = "NSE.MessageBus", "src\building blocks\NSE.MessageBus\NSE.MessageBus\NSE.MessageBus.csproj", "{0FEB66B8-6D67-46EA-AEC7-53AA55D3D2B4}"
EndProject
Global
	GlobalSection(SolutionConfigurationPlatforms) = preSolution
		Debug|Any CPU = Debug|Any CPU
		Release|Any CPU = Release|Any CPU
	EndGlobalSection
	GlobalSection(ProjectConfigurationPlatforms) = postSolution
		{A94BD58C-1491-413F-89C4-72AA56B87B92}.Debug|Any CPU.ActiveCfg = Debug|Any CPU
		{A94BD58C-1491-413F-89C4-72AA56B87B92}.Debug|Any CPU.Build.0 = Debug|Any CPU
		{A94BD58C-1491-413F-89C4-72AA56B87B92}.Release|Any CPU.ActiveCfg = Release|Any CPU
		{A94BD58C-1491-413F-89C4-72AA56B87B92}.Release|Any CPU.Build.0 = Release|Any CPU
		{9F1F7BCB-24C7-4490-A024-5E4E58C994DF}.Debug|Any CPU.ActiveCfg = Debug|Any CPU
		{9F1F7BCB-24C7-4490-A024-5E4E58C994DF}.Debug|Any CPU.Build.0 = Debug|Any CPU
		{9F1F7BCB-24C7-4490-A024-5E4E58C994DF}.Release|Any CPU.ActiveCfg = Release|Any CPU
		{9F1F7BCB-24C7-4490-A024-5E4E58C994DF}.Release|Any CPU.Build.0 = Release|Any CPU
		{A15C9E4A-A30C-4832-9F2A-986B828FCD12}.Debug|Any CPU.ActiveCfg = Debug|Any CPU
		{A15C9E4A-A30C-4832-9F2A-986B828FCD12}.Debug|Any CPU.Build.0 = Debug|Any CPU
		{A15C9E4A-A30C-4832-9F2A-986B828FCD12}.Release|Any CPU.ActiveCfg = Release|Any CPU
		{A15C9E4A-A30C-4832-9F2A-986B828FCD12}.Release|Any CPU.Build.0 = Release|Any CPU
		{B017C2FF-7A72-4CAC-AA78-710765C3B367}.Debug|Any CPU.ActiveCfg = Debug|Any CPU
		{B017C2FF-7A72-4CAC-AA78-710765C3B367}.Debug|Any CPU.Build.0 = Debug|Any CPU
		{B017C2FF-7A72-4CAC-AA78-710765C3B367}.Release|Any CPU.ActiveCfg = Release|Any CPU
		{B017C2FF-7A72-4CAC-AA78-710765C3B367}.Release|Any CPU.Build.0 = Release|Any CPU
		{D0B73203-1B0F-4DDF-9EAC-AEC70A570054}.Debug|Any CPU.ActiveCfg = Debug|Any CPU
		{D0B73203-1B0F-4DDF-9EAC-AEC70A570054}.Debug|Any CPU.Build.0 = Debug|Any CPU
		{D0B73203-1B0F-4DDF-9EAC-AEC70A570054}.Release|Any CPU.ActiveCfg = Release|Any CPU
		{D0B73203-1B0F-4DDF-9EAC-AEC70A570054}.Release|Any CPU.Build.0 = Release|Any CPU
		{1E5527EE-2861-4A3E-9A1C-440241234080}.Debug|Any CPU.ActiveCfg = Debug|Any CPU
		{1E5527EE-2861-4A3E-9A1C-440241234080}.Debug|Any CPU.Build.0 = Debug|Any CPU
		{1E5527EE-2861-4A3E-9A1C-440241234080}.Release|Any CPU.ActiveCfg = Release|Any CPU
		{1E5527EE-2861-4A3E-9A1C-440241234080}.Release|Any CPU.Build.0 = Release|Any CPU
		{8A48F642-7ADE-4846-928D-4A3875B1EB0D}.Debug|Any CPU.ActiveCfg = Debug|Any CPU
		{8A48F642-7ADE-4846-928D-4A3875B1EB0D}.Debug|Any CPU.Build.0 = Debug|Any CPU
		{8A48F642-7ADE-4846-928D-4A3875B1EB0D}.Release|Any CPU.ActiveCfg = Release|Any CPU
		{8A48F642-7ADE-4846-928D-4A3875B1EB0D}.Release|Any CPU.Build.0 = Release|Any CPU
		{2A34EBC7-FB9F-4B5D-8D88-D8799250CDEE}.Debug|Any CPU.ActiveCfg = Debug|Any CPU
		{2A34EBC7-FB9F-4B5D-8D88-D8799250CDEE}.Debug|Any CPU.Build.0 = Debug|Any CPU
		{2A34EBC7-FB9F-4B5D-8D88-D8799250CDEE}.Release|Any CPU.ActiveCfg = Release|Any CPU
		{2A34EBC7-FB9F-4B5D-8D88-D8799250CDEE}.Release|Any CPU.Build.0 = Release|Any CPU
		{8F95CC0F-B42F-4E82-A1D3-E7FEADAAD710}.Debug|Any CPU.ActiveCfg = Debug|Any CPU
		{8F95CC0F-B42F-4E82-A1D3-E7FEADAAD710}.Debug|Any CPU.Build.0 = Debug|Any CPU
		{8F95CC0F-B42F-4E82-A1D3-E7FEADAAD710}.Release|Any CPU.ActiveCfg = Release|Any CPU
		{8F95CC0F-B42F-4E82-A1D3-E7FEADAAD710}.Release|Any CPU.Build.0 = Release|Any CPU
		{0FEB66B8-6D67-46EA-AEC7-53AA55D3D2B4}.Debug|Any CPU.ActiveCfg = Debug|Any CPU
		{0FEB66B8-6D67-46EA-AEC7-53AA55D3D2B4}.Debug|Any CPU.Build.0 = Debug|Any CPU
		{0FEB66B8-6D67-46EA-AEC7-53AA55D3D2B4}.Release|Any CPU.ActiveCfg = Release|Any CPU
		{0FEB66B8-6D67-46EA-AEC7-53AA55D3D2B4}.Release|Any CPU.Build.0 = Release|Any CPU
	EndGlobalSection
	GlobalSection(SolutionProperties) = preSolution
		HideSolutionNode = FALSE
	EndGlobalSection
	GlobalSection(NestedProjects) = preSolution
		{04EB90E7-D352-4FAD-9F27-6340D67390A0} = {ED08883C-3804-4C1A-951B-B83F265D69C6}
		{5CCFFC17-4F45-4EEF-B7A5-9B8AF4B48B41} = {ED08883C-3804-4C1A-951B-B83F265D69C6}
		{FEC4FF5C-EBC6-4AF3-A89D-E4F3D89FD908} = {ED08883C-3804-4C1A-951B-B83F265D69C6}
		{13DADEBF-C3BC-4268-BE02-EE8D5B9ADD3D} = {5CCFFC17-4F45-4EEF-B7A5-9B8AF4B48B41}
		{A94BD58C-1491-413F-89C4-72AA56B87B92} = {13DADEBF-C3BC-4268-BE02-EE8D5B9ADD3D}
		{375F7400-32CF-4B9E-84C4-9E41E1BF77BA} = {FEC4FF5C-EBC6-4AF3-A89D-E4F3D89FD908}
		{9F1F7BCB-24C7-4490-A024-5E4E58C994DF} = {375F7400-32CF-4B9E-84C4-9E41E1BF77BA}
		{025B0F9A-126A-48B1-BB6E-0D351914F7B4} = {04EB90E7-D352-4FAD-9F27-6340D67390A0}
		{A15C9E4A-A30C-4832-9F2A-986B828FCD12} = {025B0F9A-126A-48B1-BB6E-0D351914F7B4}
		{4F67C7F7-15F0-49CB-9F64-C35B94631DAB} = {5CCFFC17-4F45-4EEF-B7A5-9B8AF4B48B41}
		{B017C2FF-7A72-4CAC-AA78-710765C3B367} = {4F67C7F7-15F0-49CB-9F64-C35B94631DAB}
		{C7D7888E-5B0D-4DD5-ACE0-757D4DBDDC81} = {5CCFFC17-4F45-4EEF-B7A5-9B8AF4B48B41}
		{D0B73203-1B0F-4DDF-9EAC-AEC70A570054} = {C7D7888E-5B0D-4DD5-ACE0-757D4DBDDC81}
		{9086F56F-EA66-4D57-9E69-02024D438575} = {5CCFFC17-4F45-4EEF-B7A5-9B8AF4B48B41}
		{CF264850-480A-497E-B2FF-4D1022904422} = {5CCFFC17-4F45-4EEF-B7A5-9B8AF4B48B41}
		{1E5527EE-2861-4A3E-9A1C-440241234080} = {CF264850-480A-497E-B2FF-4D1022904422}
		{C7D67248-078A-43FB-9A09-3C5DDB143DA7} = {5CCFFC17-4F45-4EEF-B7A5-9B8AF4B48B41}
		{8A48F642-7ADE-4846-928D-4A3875B1EB0D} = {C7D67248-078A-43FB-9A09-3C5DDB143DA7}
		{2A34EBC7-FB9F-4B5D-8D88-D8799250CDEE} = {9086F56F-EA66-4D57-9E69-02024D438575}
		{A643B641-DECF-4753-93CB-2A33910BAAFA} = {04EB90E7-D352-4FAD-9F27-6340D67390A0}
		{8F95CC0F-B42F-4E82-A1D3-E7FEADAAD710} = {A643B641-DECF-4753-93CB-2A33910BAAFA}
		{97979F28-053E-4715-9B0E-871302A0C5BF} = {04EB90E7-D352-4FAD-9F27-6340D67390A0}
		{0FEB66B8-6D67-46EA-AEC7-53AA55D3D2B4} = {97979F28-053E-4715-9B0E-871302A0C5BF}
	EndGlobalSection
	GlobalSection(ExtensibilityGlobals) = postSolution
		SolutionGuid = {5514C925-1915-409E-A564-419A78088F00}
	EndGlobalSection
EndGlobal
